
Microsoft Visual Studio Solution File, Format Version 12.00
# Visual Studio Version 16
VisualStudioVersion = 16.0.33130.400
MinimumVisualStudioVersion = 10.0.40219.1
Project("{FAE04EC0-301F-11D3-BF4B-00C04F79EFBC}") = "text_lab.9", "text_lab.9\text_lab.9.csproj", "{7BFE0377-48D0-4A6D-81B6-DF5E7E7DAA68}"
EndProject
Global
	GlobalSection(SolutionConfigurationPlatforms) = preSolution
		Debug|Any CPU = Debug|Any CPU
		Release|Any CPU = Release|Any CPU
	EndGlobalSection
	GlobalSection(ProjectConfigurationPlatforms) = postSolution
		{7BFE0377-48D0-4A6D-81B6-DF5E7E7DAA68}.Debug|Any CPU.ActiveCfg = Debug|Any CPU
		{7BFE0377-48D0-4A6D-81B6-DF5E7E7DAA68}.Debug|Any CPU.Build.0 = Debug|Any CPU
		{7BFE0377-48D0-4A6D-81B6-DF5E7E7DAA68}.Release|Any CPU.ActiveCfg = Release|Any CPU
		{7BFE0377-48D0-4A6D-81B6-DF5E7E7DAA68}.Release|Any CPU.Build.0 = Release|Any CPU
	EndGlobalSection
	GlobalSection(SolutionProperties) = preSolution
		HideSolutionNode = FALSE
	EndGlobalSection
	GlobalSection(ExtensibilityGlobals) = postSolution
		SolutionGuid = {973D1407-8B0A-46A5-8B97-DD760E03D9D8}
	EndGlobalSection
EndGlobal
